
Microsoft Visual Studio Solution File, Format Version 12.00
# Visual Studio 15
VisualStudioVersion = 15.0.27130.2036
MinimumVisualStudioVersion = 10.0.40219.1
Project("{2150E333-8FDC-42A3-9474-1A3956D46DE8}") = "1.Presentation", "1.Presentation", "{581F0C0F-FAB8-4310-B8E8-6DDE7A564593}"
EndProject
Project("{2150E333-8FDC-42A3-9474-1A3956D46DE8}") = "2.Application", "2.Application", "{41CA59F7-9436-4C23-B734-DAA9C5F277B7}"
EndProject
Project("{2150E333-8FDC-42A3-9474-1A3956D46DE8}") = "3.Domain", "3.Domain", "{999B324C-75E3-4EE2-A9F2-2451417A4B34}"
EndProject
Project("{2150E333-8FDC-42A3-9474-1A3956D46DE8}") = "4.Infra", "4.Infra", "{614CF89E-A9DE-4368-91C1-7675A94B388F}"
EndProject
Project("{2150E333-8FDC-42A3-9474-1A3956D46DE8}") = "5.Testes", "5.Testes", "{B62C0E5E-5FC5-4D74-AD93-9192AA824712}"
EndProject
Project("{FAE04EC0-301F-11D3-BF4B-00C04F79EFBC}") = "DonaLaura.Domain", "DonaLaura.Domain\DonaLaura.Domain.csproj", "{1507D29C-4E86-4E22-9EB8-A8D55156C426}"
EndProject
Project("{FAE04EC0-301F-11D3-BF4B-00C04F79EFBC}") = "DonaLaura.Testes.Domain", "DonaLaura.Testes\DonaLaura.Testes.Domain.csproj", "{D587442B-7E0F-4A52-B9CB-F3C9A7334EFE}"
EndProject
Project("{FAE04EC0-301F-11D3-BF4B-00C04F79EFBC}") = "DonaLauraApplication", "DonaLauraApplication\DonaLauraApplication.csproj", "{A13CF906-D647-4D98-A695-E49E3F52FD7F}"
EndProject
Project("{FAE04EC0-301F-11D3-BF4B-00C04F79EFBC}") = "DonaLaura.Testes.Application", "DonaLaura.Testes.Application\DonaLaura.Testes.Application.csproj", "{E9D0AC92-0785-4E40-A47D-6960EEF2DDBE}"
EndProject
Project("{FAE04EC0-301F-11D3-BF4B-00C04F79EFBC}") = "DonaLaura.Infra", "DonaLaura.Infra\DonaLaura.Infra.csproj", "{3E179476-A541-494B-87EB-97157D66E292}"
EndProject
Project("{FAE04EC0-301F-11D3-BF4B-00C04F79EFBC}") = "DonaLaura.Infra.Data", "DonaLaura.Infra.Data\DonaLaura.Infra.Data.csproj", "{5EB1B6D0-D229-4792-B035-095872690686}"
EndProject
Project("{FAE04EC0-301F-11D3-BF4B-00C04F79EFBC}") = "DonaLaura.Testes.Infra", "DonaLaura.Testes.Infra\DonaLaura.Testes.Infra.csproj", "{C40AC67A-F0D3-4F47-8E85-48A6BA32CDF2}"
EndProject
Project("{00D1A9C2-B5F0-4AF3-8072-F6C62B433612}") = "Database", "..\..\..\..\Source\Repos\DonaLaura\Database\Database.sqlproj", "{D2C5BF0E-86BC-4BEF-A494-25D1AC10BB7E}"
EndProject
Global
	GlobalSection(SolutionConfigurationPlatforms) = preSolution
		Debug|Any CPU = Debug|Any CPU
		Release|Any CPU = Release|Any CPU
	EndGlobalSection
	GlobalSection(ProjectConfigurationPlatforms) = postSolution
		{1507D29C-4E86-4E22-9EB8-A8D55156C426}.Debug|Any CPU.ActiveCfg = Debug|Any CPU
		{1507D29C-4E86-4E22-9EB8-A8D55156C426}.Debug|Any CPU.Build.0 = Debug|Any CPU
		{1507D29C-4E86-4E22-9EB8-A8D55156C426}.Release|Any CPU.ActiveCfg = Release|Any CPU
		{1507D29C-4E86-4E22-9EB8-A8D55156C426}.Release|Any CPU.Build.0 = Release|Any CPU
		{D587442B-7E0F-4A52-B9CB-F3C9A7334EFE}.Debug|Any CPU.ActiveCfg = Debug|Any CPU
		{D587442B-7E0F-4A52-B9CB-F3C9A7334EFE}.Debug|Any CPU.Build.0 = Debug|Any CPU
		{D587442B-7E0F-4A52-B9CB-F3C9A7334EFE}.Release|Any CPU.ActiveCfg = Release|Any CPU
		{D587442B-7E0F-4A52-B9CB-F3C9A7334EFE}.Release|Any CPU.Build.0 = Release|Any CPU
		{A13CF906-D647-4D98-A695-E49E3F52FD7F}.Debug|Any CPU.ActiveCfg = Debug|Any CPU
		{A13CF906-D647-4D98-A695-E49E3F52FD7F}.Debug|Any CPU.Build.0 = Debug|Any CPU
		{A13CF906-D647-4D98-A695-E49E3F52FD7F}.Release|Any CPU.ActiveCfg = Release|Any CPU
		{A13CF906-D647-4D98-A695-E49E3F52FD7F}.Release|Any CPU.Build.0 = Release|Any CPU
		{E9D0AC92-0785-4E40-A47D-6960EEF2DDBE}.Debug|Any CPU.ActiveCfg = Debug|Any CPU
		{E9D0AC92-0785-4E40-A47D-6960EEF2DDBE}.Debug|Any CPU.Build.0 = Debug|Any CPU
		{E9D0AC92-0785-4E40-A47D-6960EEF2DDBE}.Release|Any CPU.ActiveCfg = Release|Any CPU
		{E9D0AC92-0785-4E40-A47D-6960EEF2DDBE}.Release|Any CPU.Build.0 = Release|Any CPU
		{3E179476-A541-494B-87EB-97157D66E292}.Debug|Any CPU.ActiveCfg = Debug|Any CPU
		{3E179476-A541-494B-87EB-97157D66E292}.Debug|Any CPU.Build.0 = Debug|Any CPU
		{3E179476-A541-494B-87EB-97157D66E292}.Release|Any CPU.ActiveCfg = Release|Any CPU
		{3E179476-A541-494B-87EB-97157D66E292}.Release|Any CPU.Build.0 = Release|Any CPU
		{5EB1B6D0-D229-4792-B035-095872690686}.Debug|Any CPU.ActiveCfg = Debug|Any CPU
		{5EB1B6D0-D229-4792-B035-095872690686}.Debug|Any CPU.Build.0 = Debug|Any CPU
		{5EB1B6D0-D229-4792-B035-095872690686}.Release|Any CPU.ActiveCfg = Release|Any CPU
		{5EB1B6D0-D229-4792-B035-095872690686}.Release|Any CPU.Build.0 = Release|Any CPU
		{C40AC67A-F0D3-4F47-8E85-48A6BA32CDF2}.Debug|Any CPU.ActiveCfg = Debug|Any CPU
		{C40AC67A-F0D3-4F47-8E85-48A6BA32CDF2}.Debug|Any CPU.Build.0 = Debug|Any CPU
		{C40AC67A-F0D3-4F47-8E85-48A6BA32CDF2}.Release|Any CPU.ActiveCfg = Release|Any CPU
		{C40AC67A-F0D3-4F47-8E85-48A6BA32CDF2}.Release|Any CPU.Build.0 = Release|Any CPU
		{D2C5BF0E-86BC-4BEF-A494-25D1AC10BB7E}.Debug|Any CPU.ActiveCfg = Debug|Any CPU
		{D2C5BF0E-86BC-4BEF-A494-25D1AC10BB7E}.Debug|Any CPU.Build.0 = Debug|Any CPU
		{D2C5BF0E-86BC-4BEF-A494-25D1AC10BB7E}.Debug|Any CPU.Deploy.0 = Debug|Any CPU
		{D2C5BF0E-86BC-4BEF-A494-25D1AC10BB7E}.Release|Any CPU.ActiveCfg = Release|Any CPU
		{D2C5BF0E-86BC-4BEF-A494-25D1AC10BB7E}.Release|Any CPU.Build.0 = Release|Any CPU
		{D2C5BF0E-86BC-4BEF-A494-25D1AC10BB7E}.Release|Any CPU.Deploy.0 = Release|Any CPU
	EndGlobalSection
	GlobalSection(SolutionProperties) = preSolution
		HideSolutionNode = FALSE
	EndGlobalSection
	GlobalSection(NestedProjects) = preSolution
		{1507D29C-4E86-4E22-9EB8-A8D55156C426} = {999B324C-75E3-4EE2-A9F2-2451417A4B34}
		{D587442B-7E0F-4A52-B9CB-F3C9A7334EFE} = {B62C0E5E-5FC5-4D74-AD93-9192AA824712}
		{A13CF906-D647-4D98-A695-E49E3F52FD7F} = {41CA59F7-9436-4C23-B734-DAA9C5F277B7}
		{E9D0AC92-0785-4E40-A47D-6960EEF2DDBE} = {B62C0E5E-5FC5-4D74-AD93-9192AA824712}
		{3E179476-A541-494B-87EB-97157D66E292} = {614CF89E-A9DE-4368-91C1-7675A94B388F}
		{5EB1B6D0-D229-4792-B035-095872690686} = {614CF89E-A9DE-4368-91C1-7675A94B388F}
		{C40AC67A-F0D3-4F47-8E85-48A6BA32CDF2} = {B62C0E5E-5FC5-4D74-AD93-9192AA824712}
	EndGlobalSection
	GlobalSection(ExtensibilityGlobals) = postSolution
		SolutionGuid = {58BA2EC5-3858-444A-8EF6-79C49679E972}
	EndGlobalSection
EndGlobal
