
Microsoft Visual Studio Solution File, Format Version 12.00
# Visual Studio 15
VisualStudioVersion = 15.0.27130.2036
MinimumVisualStudioVersion = 10.0.40219.1
Project("{2150E333-8FDC-42A3-9474-1A3956D46DE8}") = "1.Presentation", "1.Presentation", "{AA822651-2704-43AE-8722-625DB0376D45}"
EndProject
Project("{2150E333-8FDC-42A3-9474-1A3956D46DE8}") = "2.Application", "2.Application", "{E4BC1ED2-12C8-4EBC-A39E-AF18C8376610}"
EndProject
Project("{2150E333-8FDC-42A3-9474-1A3956D46DE8}") = "3.Domain", "3.Domain", "{0DE5B105-FE76-4A7C-8F5D-A214F2A52690}"
EndProject
Project("{2150E333-8FDC-42A3-9474-1A3956D46DE8}") = "4.Infra", "4.Infra", "{CCA9E104-3557-4837-9569-FBCBC39B6947}"
EndProject
Project("{2150E333-8FDC-42A3-9474-1A3956D46DE8}") = "5.Test", "5.Test", "{21589D7E-4B46-4F80-B484-CCD35217CE5C}"
EndProject
Project("{2150E333-8FDC-42A3-9474-1A3956D46DE8}") = "6.Persist", "6.Persist", "{E577DDFC-2BA7-4369-BF52-5CDBC75C66F7}"
EndProject
Project("{00D1A9C2-B5F0-4AF3-8072-F6C62B433612}") = "GerenciadorSalas_DataBase", "GerenciadorSalas_DataBase\GerenciadorSalas_DataBase.sqlproj", "{AF089429-C20C-4CFB-8777-AF55E2AC3C2A}"
EndProject
Project("{FAE04EC0-301F-11D3-BF4B-00C04F79EFBC}") = "GerenciadorSalas.Common.Tests", "GerenciadorSalas.Common.Tests\GerenciadorSalas.Common.Tests.csproj", "{4CC09A55-C4EF-4ED3-9813-4729DA2E318A}"
EndProject
Project("{FAE04EC0-301F-11D3-BF4B-00C04F79EFBC}") = "GerenciadorSalas.Infra", "GerenciadorSalas.Infra\GerenciadorSalas.Infra.csproj", "{369ED66B-5CF9-44C2-B627-EDCC5238A37C}"
EndProject
Project("{FAE04EC0-301F-11D3-BF4B-00C04F79EFBC}") = "GerenciadorSalas.Domain", "GerenciadorSalas.Domain\GerenciadorSalas.Domain.csproj", "{ADA0072F-F7C2-43DA-9722-658EE3801A65}"
EndProject
Project("{FAE04EC0-301F-11D3-BF4B-00C04F79EFBC}") = "GerenciadorSalas.DomainTests", "GerenciadorSalas.DomainTests\GerenciadorSalas.DomainTests.csproj", "{E22CCD0F-C367-4E8C-816E-5B6D559607C6}"
EndProject
Global
	GlobalSection(SolutionConfigurationPlatforms) = preSolution
		Debug|Any CPU = Debug|Any CPU
		Debug|ARM = Debug|ARM
		Debug|x64 = Debug|x64
		Debug|x86 = Debug|x86
		Release|Any CPU = Release|Any CPU
		Release|ARM = Release|ARM
		Release|x64 = Release|x64
		Release|x86 = Release|x86
	EndGlobalSection
	GlobalSection(ProjectConfigurationPlatforms) = postSolution
		{AF089429-C20C-4CFB-8777-AF55E2AC3C2A}.Debug|Any CPU.ActiveCfg = Debug|Any CPU
		{AF089429-C20C-4CFB-8777-AF55E2AC3C2A}.Debug|Any CPU.Build.0 = Debug|Any CPU
		{AF089429-C20C-4CFB-8777-AF55E2AC3C2A}.Debug|Any CPU.Deploy.0 = Debug|Any CPU
		{AF089429-C20C-4CFB-8777-AF55E2AC3C2A}.Debug|ARM.ActiveCfg = Debug|Any CPU
		{AF089429-C20C-4CFB-8777-AF55E2AC3C2A}.Debug|ARM.Build.0 = Debug|Any CPU
		{AF089429-C20C-4CFB-8777-AF55E2AC3C2A}.Debug|ARM.Deploy.0 = Debug|Any CPU
		{AF089429-C20C-4CFB-8777-AF55E2AC3C2A}.Debug|x64.ActiveCfg = Debug|Any CPU
		{AF089429-C20C-4CFB-8777-AF55E2AC3C2A}.Debug|x64.Build.0 = Debug|Any CPU
		{AF089429-C20C-4CFB-8777-AF55E2AC3C2A}.Debug|x64.Deploy.0 = Debug|Any CPU
		{AF089429-C20C-4CFB-8777-AF55E2AC3C2A}.Debug|x86.ActiveCfg = Debug|Any CPU
		{AF089429-C20C-4CFB-8777-AF55E2AC3C2A}.Debug|x86.Build.0 = Debug|Any CPU
		{AF089429-C20C-4CFB-8777-AF55E2AC3C2A}.Debug|x86.Deploy.0 = Debug|Any CPU
		{AF089429-C20C-4CFB-8777-AF55E2AC3C2A}.Release|Any CPU.ActiveCfg = Release|Any CPU
		{AF089429-C20C-4CFB-8777-AF55E2AC3C2A}.Release|Any CPU.Build.0 = Release|Any CPU
		{AF089429-C20C-4CFB-8777-AF55E2AC3C2A}.Release|Any CPU.Deploy.0 = Release|Any CPU
		{AF089429-C20C-4CFB-8777-AF55E2AC3C2A}.Release|ARM.ActiveCfg = Release|Any CPU
		{AF089429-C20C-4CFB-8777-AF55E2AC3C2A}.Release|ARM.Build.0 = Release|Any CPU
		{AF089429-C20C-4CFB-8777-AF55E2AC3C2A}.Release|ARM.Deploy.0 = Release|Any CPU
		{AF089429-C20C-4CFB-8777-AF55E2AC3C2A}.Release|x64.ActiveCfg = Release|Any CPU
		{AF089429-C20C-4CFB-8777-AF55E2AC3C2A}.Release|x64.Build.0 = Release|Any CPU
		{AF089429-C20C-4CFB-8777-AF55E2AC3C2A}.Release|x64.Deploy.0 = Release|Any CPU
		{AF089429-C20C-4CFB-8777-AF55E2AC3C2A}.Release|x86.ActiveCfg = Release|Any CPU
		{AF089429-C20C-4CFB-8777-AF55E2AC3C2A}.Release|x86.Build.0 = Release|Any CPU
		{AF089429-C20C-4CFB-8777-AF55E2AC3C2A}.Release|x86.Deploy.0 = Release|Any CPU
		{4CC09A55-C4EF-4ED3-9813-4729DA2E318A}.Debug|Any CPU.ActiveCfg = Debug|Any CPU
		{4CC09A55-C4EF-4ED3-9813-4729DA2E318A}.Debug|Any CPU.Build.0 = Debug|Any CPU
		{4CC09A55-C4EF-4ED3-9813-4729DA2E318A}.Debug|ARM.ActiveCfg = Debug|Any CPU
		{4CC09A55-C4EF-4ED3-9813-4729DA2E318A}.Debug|ARM.Build.0 = Debug|Any CPU
		{4CC09A55-C4EF-4ED3-9813-4729DA2E318A}.Debug|x64.ActiveCfg = Debug|Any CPU
		{4CC09A55-C4EF-4ED3-9813-4729DA2E318A}.Debug|x64.Build.0 = Debug|Any CPU
		{4CC09A55-C4EF-4ED3-9813-4729DA2E318A}.Debug|x86.ActiveCfg = Debug|Any CPU
		{4CC09A55-C4EF-4ED3-9813-4729DA2E318A}.Debug|x86.Build.0 = Debug|Any CPU
		{4CC09A55-C4EF-4ED3-9813-4729DA2E318A}.Release|Any CPU.ActiveCfg = Release|Any CPU
		{4CC09A55-C4EF-4ED3-9813-4729DA2E318A}.Release|Any CPU.Build.0 = Release|Any CPU
		{4CC09A55-C4EF-4ED3-9813-4729DA2E318A}.Release|ARM.ActiveCfg = Release|Any CPU
		{4CC09A55-C4EF-4ED3-9813-4729DA2E318A}.Release|ARM.Build.0 = Release|Any CPU
		{4CC09A55-C4EF-4ED3-9813-4729DA2E318A}.Release|x64.ActiveCfg = Release|Any CPU
		{4CC09A55-C4EF-4ED3-9813-4729DA2E318A}.Release|x64.Build.0 = Release|Any CPU
		{4CC09A55-C4EF-4ED3-9813-4729DA2E318A}.Release|x86.ActiveCfg = Release|Any CPU
		{4CC09A55-C4EF-4ED3-9813-4729DA2E318A}.Release|x86.Build.0 = Release|Any CPU
		{369ED66B-5CF9-44C2-B627-EDCC5238A37C}.Debug|Any CPU.ActiveCfg = Debug|Any CPU
		{369ED66B-5CF9-44C2-B627-EDCC5238A37C}.Debug|Any CPU.Build.0 = Debug|Any CPU
		{369ED66B-5CF9-44C2-B627-EDCC5238A37C}.Debug|ARM.ActiveCfg = Debug|Any CPU
		{369ED66B-5CF9-44C2-B627-EDCC5238A37C}.Debug|ARM.Build.0 = Debug|Any CPU
		{369ED66B-5CF9-44C2-B627-EDCC5238A37C}.Debug|x64.ActiveCfg = Debug|Any CPU
		{369ED66B-5CF9-44C2-B627-EDCC5238A37C}.Debug|x64.Build.0 = Debug|Any CPU
		{369ED66B-5CF9-44C2-B627-EDCC5238A37C}.Debug|x86.ActiveCfg = Debug|Any CPU
		{369ED66B-5CF9-44C2-B627-EDCC5238A37C}.Debug|x86.Build.0 = Debug|Any CPU
		{369ED66B-5CF9-44C2-B627-EDCC5238A37C}.Release|Any CPU.ActiveCfg = Release|Any CPU
		{369ED66B-5CF9-44C2-B627-EDCC5238A37C}.Release|Any CPU.Build.0 = Release|Any CPU
		{369ED66B-5CF9-44C2-B627-EDCC5238A37C}.Release|ARM.ActiveCfg = Release|Any CPU
		{369ED66B-5CF9-44C2-B627-EDCC5238A37C}.Release|ARM.Build.0 = Release|Any CPU
		{369ED66B-5CF9-44C2-B627-EDCC5238A37C}.Release|x64.ActiveCfg = Release|Any CPU
		{369ED66B-5CF9-44C2-B627-EDCC5238A37C}.Release|x64.Build.0 = Release|Any CPU
		{369ED66B-5CF9-44C2-B627-EDCC5238A37C}.Release|x86.ActiveCfg = Release|Any CPU
		{369ED66B-5CF9-44C2-B627-EDCC5238A37C}.Release|x86.Build.0 = Release|Any CPU
		{ADA0072F-F7C2-43DA-9722-658EE3801A65}.Debug|Any CPU.ActiveCfg = Debug|Any CPU
		{ADA0072F-F7C2-43DA-9722-658EE3801A65}.Debug|Any CPU.Build.0 = Debug|Any CPU
		{ADA0072F-F7C2-43DA-9722-658EE3801A65}.Debug|ARM.ActiveCfg = Debug|Any CPU
		{ADA0072F-F7C2-43DA-9722-658EE3801A65}.Debug|ARM.Build.0 = Debug|Any CPU
		{ADA0072F-F7C2-43DA-9722-658EE3801A65}.Debug|x64.ActiveCfg = Debug|Any CPU
		{ADA0072F-F7C2-43DA-9722-658EE3801A65}.Debug|x64.Build.0 = Debug|Any CPU
		{ADA0072F-F7C2-43DA-9722-658EE3801A65}.Debug|x86.ActiveCfg = Debug|Any CPU
		{ADA0072F-F7C2-43DA-9722-658EE3801A65}.Debug|x86.Build.0 = Debug|Any CPU
		{ADA0072F-F7C2-43DA-9722-658EE3801A65}.Release|Any CPU.ActiveCfg = Release|Any CPU
		{ADA0072F-F7C2-43DA-9722-658EE3801A65}.Release|Any CPU.Build.0 = Release|Any CPU
		{ADA0072F-F7C2-43DA-9722-658EE3801A65}.Release|ARM.ActiveCfg = Release|Any CPU
		{ADA0072F-F7C2-43DA-9722-658EE3801A65}.Release|ARM.Build.0 = Release|Any CPU
		{ADA0072F-F7C2-43DA-9722-658EE3801A65}.Release|x64.ActiveCfg = Release|Any CPU
		{ADA0072F-F7C2-43DA-9722-658EE3801A65}.Release|x64.Build.0 = Release|Any CPU
		{ADA0072F-F7C2-43DA-9722-658EE3801A65}.Release|x86.ActiveCfg = Release|Any CPU
		{ADA0072F-F7C2-43DA-9722-658EE3801A65}.Release|x86.Build.0 = Release|Any CPU
		{E22CCD0F-C367-4E8C-816E-5B6D559607C6}.Debug|Any CPU.ActiveCfg = Debug|Any CPU
		{E22CCD0F-C367-4E8C-816E-5B6D559607C6}.Debug|Any CPU.Build.0 = Debug|Any CPU
		{E22CCD0F-C367-4E8C-816E-5B6D559607C6}.Debug|ARM.ActiveCfg = Debug|Any CPU
		{E22CCD0F-C367-4E8C-816E-5B6D559607C6}.Debug|ARM.Build.0 = Debug|Any CPU
		{E22CCD0F-C367-4E8C-816E-5B6D559607C6}.Debug|x64.ActiveCfg = Debug|Any CPU
		{E22CCD0F-C367-4E8C-816E-5B6D559607C6}.Debug|x64.Build.0 = Debug|Any CPU
		{E22CCD0F-C367-4E8C-816E-5B6D559607C6}.Debug|x86.ActiveCfg = Debug|Any CPU
		{E22CCD0F-C367-4E8C-816E-5B6D559607C6}.Debug|x86.Build.0 = Debug|Any CPU
		{E22CCD0F-C367-4E8C-816E-5B6D559607C6}.Release|Any CPU.ActiveCfg = Release|Any CPU
		{E22CCD0F-C367-4E8C-816E-5B6D559607C6}.Release|Any CPU.Build.0 = Release|Any CPU
		{E22CCD0F-C367-4E8C-816E-5B6D559607C6}.Release|ARM.ActiveCfg = Release|Any CPU
		{E22CCD0F-C367-4E8C-816E-5B6D559607C6}.Release|ARM.Build.0 = Release|Any CPU
		{E22CCD0F-C367-4E8C-816E-5B6D559607C6}.Release|x64.ActiveCfg = Release|Any CPU
		{E22CCD0F-C367-4E8C-816E-5B6D559607C6}.Release|x64.Build.0 = Release|Any CPU
		{E22CCD0F-C367-4E8C-816E-5B6D559607C6}.Release|x86.ActiveCfg = Release|Any CPU
		{E22CCD0F-C367-4E8C-816E-5B6D559607C6}.Release|x86.Build.0 = Release|Any CPU
	EndGlobalSection
	GlobalSection(SolutionProperties) = preSolution
		HideSolutionNode = FALSE
	EndGlobalSection
	GlobalSection(NestedProjects) = preSolution
		{AF089429-C20C-4CFB-8777-AF55E2AC3C2A} = {E577DDFC-2BA7-4369-BF52-5CDBC75C66F7}
		{4CC09A55-C4EF-4ED3-9813-4729DA2E318A} = {21589D7E-4B46-4F80-B484-CCD35217CE5C}
		{369ED66B-5CF9-44C2-B627-EDCC5238A37C} = {CCA9E104-3557-4837-9569-FBCBC39B6947}
		{ADA0072F-F7C2-43DA-9722-658EE3801A65} = {0DE5B105-FE76-4A7C-8F5D-A214F2A52690}
		{E22CCD0F-C367-4E8C-816E-5B6D559607C6} = {21589D7E-4B46-4F80-B484-CCD35217CE5C}
	EndGlobalSection
	GlobalSection(ExtensibilityGlobals) = postSolution
		SolutionGuid = {06B41860-46A7-4F43-9B42-F14F2901B3F9}
	EndGlobalSection
EndGlobal
