
Microsoft Visual Studio Solution File, Format Version 12.00
# Visual Studio 15
VisualStudioVersion = 15.0.27130.2036
MinimumVisualStudioVersion = 10.0.40219.1
Project("{FAE04EC0-301F-11D3-BF4B-00C04F79EFBC}") = "EstudoWebService", "EstudoWebService\EstudoWebService.csproj", "{56AAF454-80F9-481E-82A5-30EBA532837B}"
EndProject
Project("{2150E333-8FDC-42A3-9474-1A3956D46DE8}") = "Api", "Api", "{9808B5CF-8C6B-4FBB-9274-D4C8431C69CE}"
EndProject
Project("{2150E333-8FDC-42A3-9474-1A3956D46DE8}") = "Aplicacao", "Aplicacao", "{17C1E5DA-0556-4317-BA90-88069853866E}"
EndProject
Project("{FAE04EC0-301F-11D3-BF4B-00C04F79EFBC}") = "Aplication", "Aplication\Aplication.csproj", "{D98F2E44-F2AE-4963-A229-8F8B6E8960FF}"
EndProject
Project("{2150E333-8FDC-42A3-9474-1A3956D46DE8}") = "Dominio", "Dominio", "{3334F78D-F2D6-48D7-8BE8-FFDC2EFD8725}"
EndProject
Project("{2150E333-8FDC-42A3-9474-1A3956D46DE8}") = "Infra", "Infra", "{E1F0C612-0470-4EF3-B49D-FFC5A96BD4D2}"
EndProject
Project("{2150E333-8FDC-42A3-9474-1A3956D46DE8}") = "Testes", "Testes", "{85CE9CA5-10F0-4E95-9E9A-1D41C53528BD}"
EndProject
Project("{FAE04EC0-301F-11D3-BF4B-00C04F79EFBC}") = "Domain", "Domain\Domain.csproj", "{D538BB02-F40B-4741-929E-E86DD529E574}"
EndProject
Project("{FAE04EC0-301F-11D3-BF4B-00C04F79EFBC}") = "Infra.Data", "Infra.Data\Infra.Data.csproj", "{3CD671E0-A4DC-4B00-8873-479A6F546710}"
EndProject
Project("{FAE04EC0-301F-11D3-BF4B-00C04F79EFBC}") = "Comum", "Comum\Comum.csproj", "{5ED98EE2-BBE8-47D9-B754-C77631530462}"
EndProject
Project("{FAE04EC0-301F-11D3-BF4B-00C04F79EFBC}") = "Dominio.Teste", "Dominio.Teste\Dominio.Teste.csproj", "{93A25AEE-F9D0-41E7-9B33-4FD066E477A0}"
EndProject
Project("{FAE04EC0-301F-11D3-BF4B-00C04F79EFBC}") = "Infra.Testes", "Infra.Testes\Infra.Testes.csproj", "{C862F75D-0900-4982-9233-40B848A0907F}"
EndProject
Project("{FAE04EC0-301F-11D3-BF4B-00C04F79EFBC}") = "Controller.Testes", "Controller.Testes\Controller.Testes.csproj", "{BFE54912-ED74-4DA3-BCDC-6FDA3AC22B97}"
EndProject
Global
	GlobalSection(SolutionConfigurationPlatforms) = preSolution
		Debug|Any CPU = Debug|Any CPU
		Release|Any CPU = Release|Any CPU
	EndGlobalSection
	GlobalSection(ProjectConfigurationPlatforms) = postSolution
		{56AAF454-80F9-481E-82A5-30EBA532837B}.Debug|Any CPU.ActiveCfg = Debug|Any CPU
		{56AAF454-80F9-481E-82A5-30EBA532837B}.Debug|Any CPU.Build.0 = Debug|Any CPU
		{56AAF454-80F9-481E-82A5-30EBA532837B}.Release|Any CPU.ActiveCfg = Release|Any CPU
		{56AAF454-80F9-481E-82A5-30EBA532837B}.Release|Any CPU.Build.0 = Release|Any CPU
		{D98F2E44-F2AE-4963-A229-8F8B6E8960FF}.Debug|Any CPU.ActiveCfg = Debug|Any CPU
		{D98F2E44-F2AE-4963-A229-8F8B6E8960FF}.Debug|Any CPU.Build.0 = Debug|Any CPU
		{D98F2E44-F2AE-4963-A229-8F8B6E8960FF}.Release|Any CPU.ActiveCfg = Release|Any CPU
		{D98F2E44-F2AE-4963-A229-8F8B6E8960FF}.Release|Any CPU.Build.0 = Release|Any CPU
		{D538BB02-F40B-4741-929E-E86DD529E574}.Debug|Any CPU.ActiveCfg = Debug|Any CPU
		{D538BB02-F40B-4741-929E-E86DD529E574}.Debug|Any CPU.Build.0 = Debug|Any CPU
		{D538BB02-F40B-4741-929E-E86DD529E574}.Release|Any CPU.ActiveCfg = Release|Any CPU
		{D538BB02-F40B-4741-929E-E86DD529E574}.Release|Any CPU.Build.0 = Release|Any CPU
		{3CD671E0-A4DC-4B00-8873-479A6F546710}.Debug|Any CPU.ActiveCfg = Debug|Any CPU
		{3CD671E0-A4DC-4B00-8873-479A6F546710}.Debug|Any CPU.Build.0 = Debug|Any CPU
		{3CD671E0-A4DC-4B00-8873-479A6F546710}.Release|Any CPU.ActiveCfg = Release|Any CPU
		{3CD671E0-A4DC-4B00-8873-479A6F546710}.Release|Any CPU.Build.0 = Release|Any CPU
		{5ED98EE2-BBE8-47D9-B754-C77631530462}.Debug|Any CPU.ActiveCfg = Debug|Any CPU
		{5ED98EE2-BBE8-47D9-B754-C77631530462}.Debug|Any CPU.Build.0 = Debug|Any CPU
		{5ED98EE2-BBE8-47D9-B754-C77631530462}.Release|Any CPU.ActiveCfg = Release|Any CPU
		{5ED98EE2-BBE8-47D9-B754-C77631530462}.Release|Any CPU.Build.0 = Release|Any CPU
		{93A25AEE-F9D0-41E7-9B33-4FD066E477A0}.Debug|Any CPU.ActiveCfg = Debug|Any CPU
		{93A25AEE-F9D0-41E7-9B33-4FD066E477A0}.Debug|Any CPU.Build.0 = Debug|Any CPU
		{93A25AEE-F9D0-41E7-9B33-4FD066E477A0}.Release|Any CPU.ActiveCfg = Release|Any CPU
		{93A25AEE-F9D0-41E7-9B33-4FD066E477A0}.Release|Any CPU.Build.0 = Release|Any CPU
		{C862F75D-0900-4982-9233-40B848A0907F}.Debug|Any CPU.ActiveCfg = Debug|Any CPU
		{C862F75D-0900-4982-9233-40B848A0907F}.Debug|Any CPU.Build.0 = Debug|Any CPU
		{C862F75D-0900-4982-9233-40B848A0907F}.Release|Any CPU.ActiveCfg = Release|Any CPU
		{C862F75D-0900-4982-9233-40B848A0907F}.Release|Any CPU.Build.0 = Release|Any CPU
		{BFE54912-ED74-4DA3-BCDC-6FDA3AC22B97}.Debug|Any CPU.ActiveCfg = Debug|Any CPU
		{BFE54912-ED74-4DA3-BCDC-6FDA3AC22B97}.Debug|Any CPU.Build.0 = Debug|Any CPU
		{BFE54912-ED74-4DA3-BCDC-6FDA3AC22B97}.Release|Any CPU.ActiveCfg = Release|Any CPU
		{BFE54912-ED74-4DA3-BCDC-6FDA3AC22B97}.Release|Any CPU.Build.0 = Release|Any CPU
	EndGlobalSection
	GlobalSection(SolutionProperties) = preSolution
		HideSolutionNode = FALSE
	EndGlobalSection
	GlobalSection(NestedProjects) = preSolution
		{56AAF454-80F9-481E-82A5-30EBA532837B} = {9808B5CF-8C6B-4FBB-9274-D4C8431C69CE}
		{D98F2E44-F2AE-4963-A229-8F8B6E8960FF} = {17C1E5DA-0556-4317-BA90-88069853866E}
		{D538BB02-F40B-4741-929E-E86DD529E574} = {3334F78D-F2D6-48D7-8BE8-FFDC2EFD8725}
		{3CD671E0-A4DC-4B00-8873-479A6F546710} = {E1F0C612-0470-4EF3-B49D-FFC5A96BD4D2}
		{5ED98EE2-BBE8-47D9-B754-C77631530462} = {85CE9CA5-10F0-4E95-9E9A-1D41C53528BD}
		{93A25AEE-F9D0-41E7-9B33-4FD066E477A0} = {85CE9CA5-10F0-4E95-9E9A-1D41C53528BD}
		{C862F75D-0900-4982-9233-40B848A0907F} = {85CE9CA5-10F0-4E95-9E9A-1D41C53528BD}
		{BFE54912-ED74-4DA3-BCDC-6FDA3AC22B97} = {85CE9CA5-10F0-4E95-9E9A-1D41C53528BD}
	EndGlobalSection
	GlobalSection(ExtensibilityGlobals) = postSolution
		SolutionGuid = {D952A52D-588F-486E-A29F-60C65886EFE9}
	EndGlobalSection
EndGlobal
